
Microsoft Visual Studio Solution File, Format Version 12.00
# Visual Studio 2012
Project("{FAE04EC0-301F-11D3-BF4B-00C04F79EFBC}") = "BeehiveManagementSystem", "BeehiveManagementSystem\BeehiveManagementSystem.csproj", "{691C6575-F2E1-41B8-B804-CEAB4575E733}"
EndProject
Global
	GlobalSection(SolutionConfigurationPlatforms) = preSolution
		Debug|Any CPU = Debug|Any CPU
		Release|Any CPU = Release|Any CPU
	EndGlobalSection
	GlobalSection(ProjectConfigurationPlatforms) = postSolution
		{691C6575-F2E1-41B8-B804-CEAB4575E733}.Debug|Any CPU.ActiveCfg = Debug|Any CPU
		{691C6575-F2E1-41B8-B804-CEAB4575E733}.Debug|Any CPU.Build.0 = Debug|Any CPU
		{691C6575-F2E1-41B8-B804-CEAB4575E733}.Release|Any CPU.ActiveCfg = Release|Any CPU
		{691C6575-F2E1-41B8-B804-CEAB4575E733}.Release|Any CPU.Build.0 = Release|Any CPU
	EndGlobalSection
	GlobalSection(SolutionProperties) = preSolution
		HideSolutionNode = FALSE
	EndGlobalSection
EndGlobal
