
Microsoft Visual Studio Solution File, Format Version 12.00
# Visual Studio 2012
Project("{FAE04EC0-301F-11D3-BF4B-00C04F79EFBC}") = "IslandsExercise", "IslandsExercise\IslandsExercise.csproj", "{8B488E6C-5461-48CB-BFB5-C348C6536160}"
EndProject
Global
	GlobalSection(SolutionConfigurationPlatforms) = preSolution
		Debug|Any CPU = Debug|Any CPU
		Release|Any CPU = Release|Any CPU
	EndGlobalSection
	GlobalSection(ProjectConfigurationPlatforms) = postSolution
		{8B488E6C-5461-48CB-BFB5-C348C6536160}.Debug|Any CPU.ActiveCfg = Debug|Any CPU
		{8B488E6C-5461-48CB-BFB5-C348C6536160}.Debug|Any CPU.Build.0 = Debug|Any CPU
		{8B488E6C-5461-48CB-BFB5-C348C6536160}.Release|Any CPU.ActiveCfg = Release|Any CPU
		{8B488E6C-5461-48CB-BFB5-C348C6536160}.Release|Any CPU.Build.0 = Release|Any CPU
	EndGlobalSection
	GlobalSection(SolutionProperties) = preSolution
		HideSolutionNode = FALSE
	EndGlobalSection
EndGlobal
