
Microsoft Visual Studio Solution File, Format Version 12.00
# Visual Studio 2012
Project("{FAE04EC0-301F-11D3-BF4B-00C04F79EFBC}") = "TriangleExercise", "TriangleExercise\TriangleExercise.csproj", "{CD87A2D3-A495-4A09-9981-C1F07310049A}"
EndProject
Global
	GlobalSection(SolutionConfigurationPlatforms) = preSolution
		Debug|Any CPU = Debug|Any CPU
		Release|Any CPU = Release|Any CPU
	EndGlobalSection
	GlobalSection(ProjectConfigurationPlatforms) = postSolution
		{CD87A2D3-A495-4A09-9981-C1F07310049A}.Debug|Any CPU.ActiveCfg = Debug|Any CPU
		{CD87A2D3-A495-4A09-9981-C1F07310049A}.Debug|Any CPU.Build.0 = Debug|Any CPU
		{CD87A2D3-A495-4A09-9981-C1F07310049A}.Release|Any CPU.ActiveCfg = Release|Any CPU
		{CD87A2D3-A495-4A09-9981-C1F07310049A}.Release|Any CPU.Build.0 = Release|Any CPU
	EndGlobalSection
	GlobalSection(SolutionProperties) = preSolution
		HideSolutionNode = FALSE
	EndGlobalSection
EndGlobal
